
Microsoft Visual Studio Solution File, Format Version 12.00
# Visual Studio Version 16
VisualStudioVersion = 16.0.29509.3
MinimumVisualStudioVersion = 10.0.40219.1
Project("{FAE04EC0-301F-11D3-BF4B-00C04F79EFBC}") = "KurumsalWeb", "KurumsalWeb\KurumsalWeb.csproj", "{7AFBABDF-37F0-4AC4-888D-10729D5F31AB}"
EndProject
Global
	GlobalSection(SolutionConfigurationPlatforms) = preSolution
		Debug|Any CPU = Debug|Any CPU
		Release|Any CPU = Release|Any CPU
	EndGlobalSection
	GlobalSection(ProjectConfigurationPlatforms) = postSolution
		{7AFBABDF-37F0-4AC4-888D-10729D5F31AB}.Debug|Any CPU.ActiveCfg = Debug|Any CPU
		{7AFBABDF-37F0-4AC4-888D-10729D5F31AB}.Debug|Any CPU.Build.0 = Debug|Any CPU
		{7AFBABDF-37F0-4AC4-888D-10729D5F31AB}.Release|Any CPU.ActiveCfg = Release|Any CPU
		{7AFBABDF-37F0-4AC4-888D-10729D5F31AB}.Release|Any CPU.Build.0 = Release|Any CPU
	EndGlobalSection
	GlobalSection(SolutionProperties) = preSolution
		HideSolutionNode = FALSE
	EndGlobalSection
	GlobalSection(ExtensibilityGlobals) = postSolution
		SolutionGuid = {E0278D88-F82F-4F2F-A2E4-0132F9466F75}
	EndGlobalSection
EndGlobal
